Microsoft Visual Studio Solution File, Format Version 12.00
# Visual Studio Version 17
VisualStudioVersion = 17.5.2.0
MinimumVisualStudioVersion = 10.0.40219.1
Project("{FAE04EC0-301F-11D3-BF4B-00C04F79EFBC}") = "PicoBus.Core", "PicoBus.Core.csproj", "{46FCF5BB-BED2-3562-06E2-5ADE04F91314}"
EndProject
Global
	GlobalSection(SolutionConfigurationPlatforms) = preSolution
		Debug|Any CPU = Debug|Any CPU
		Release|Any CPU = Release|Any CPU
	EndGlobalSection
	GlobalSection(ProjectConfigurationPlatforms) = postSolution
		{46FCF5BB-BED2-3562-06E2-5ADE04F91314}.Debug|Any CPU.ActiveCfg = Debug|Any CPU
		{46FCF5BB-BED2-3562-06E2-5ADE04F91314}.Debug|Any CPU.Build.0 = Debug|Any CPU
		{46FCF5BB-BED2-3562-06E2-5ADE04F91314}.Release|Any CPU.ActiveCfg = Release|Any CPU
		{46FCF5BB-BED2-3562-06E2-5ADE04F91314}.Release|Any CPU.Build.0 = Release|Any CPU
	EndGlobalSection
	GlobalSection(SolutionProperties) = preSolution
		HideSolutionNode = FALSE
	EndGlobalSection
	GlobalSection(ExtensibilityGlobals) = postSolution
		SolutionGuid = {6A73F3CA-2513-4AC5-BE3B-DDBDA15688F8}
	EndGlobalSection
EndGlobal
